
Microsoft Visual Studio Solution File, Format Version 12.00
# Visual Studio 15
VisualStudioVersion = 15.0.28307.421
MinimumVisualStudioVersion = 10.0.40219.1
Project("{FAE04EC0-301F-11D3-BF4B-00C04F79EFBC}") = "Roulette", "Roulette\Roulette.csproj", "{1F236D7E-3DF2-4453-8CE5-34414CE89BA9}"
EndProject
Global
	GlobalSection(SolutionConfigurationPlatforms) = preSolution
		Debug|Any CPU = Debug|Any CPU
		Release|Any CPU = Release|Any CPU
	EndGlobalSection
	GlobalSection(ProjectConfigurationPlatforms) = postSolution
		{1F236D7E-3DF2-4453-8CE5-34414CE89BA9}.Debug|Any CPU.ActiveCfg = Debug|Any CPU
		{1F236D7E-3DF2-4453-8CE5-34414CE89BA9}.Debug|Any CPU.Build.0 = Debug|Any CPU
		{1F236D7E-3DF2-4453-8CE5-34414CE89BA9}.Release|Any CPU.ActiveCfg = Release|Any CPU
		{1F236D7E-3DF2-4453-8CE5-34414CE89BA9}.Release|Any CPU.Build.0 = Release|Any CPU
	EndGlobalSection
	GlobalSection(SolutionProperties) = preSolution
		HideSolutionNode = FALSE
	EndGlobalSection
	GlobalSection(ExtensibilityGlobals) = postSolution
		SolutionGuid = {29861EAA-0B0A-4C79-8176-6FC9CBE88D56}
	EndGlobalSection
EndGlobal
